
Microsoft Visual Studio Solution File, Format Version 12.00
# Visual Studio Version 17
VisualStudioVersion = 17.0.31912.275
MinimumVisualStudioVersion = 10.0.40219.1
Project("{FAE04EC0-301F-11D3-BF4B-00C04F79EFBC}") = "ProductREview", "ProductREview\ProductREview.csproj", "{CC02B7C8-6A47-4F70-8665-50CCC54915ED}"
EndProject
Global
	GlobalSection(SolutionConfigurationPlatforms) = preSolution
		Debug|Any CPU = Debug|Any CPU
		Release|Any CPU = Release|Any CPU
	EndGlobalSection
	GlobalSection(ProjectConfigurationPlatforms) = postSolution
		{CC02B7C8-6A47-4F70-8665-50CCC54915ED}.Debug|Any CPU.ActiveCfg = Debug|Any CPU
		{CC02B7C8-6A47-4F70-8665-50CCC54915ED}.Debug|Any CPU.Build.0 = Debug|Any CPU
		{CC02B7C8-6A47-4F70-8665-50CCC54915ED}.Release|Any CPU.ActiveCfg = Release|Any CPU
		{CC02B7C8-6A47-4F70-8665-50CCC54915ED}.Release|Any CPU.Build.0 = Release|Any CPU
	EndGlobalSection
	GlobalSection(SolutionProperties) = preSolution
		HideSolutionNode = FALSE
	EndGlobalSection
	GlobalSection(ExtensibilityGlobals) = postSolution
		SolutionGuid = {059B34D2-FAA4-416C-8033-BBC177595278}
	EndGlobalSection
EndGlobal
